// !$*UTF8*$!
{
	archiveVersion = 1;
	classes = {
	};
	objectVersion = 77;
	objects = {

/* Begin PBXBuildFile section */
		A3C960382ED97076002911F6 /* MarkdownUI in Frameworks */ = {isa = PBXBuildFile; productRef = A3C960372ED97076002911F6 /* MarkdownUI */; };
/* End PBXBuildFile section */

/* Begin PBXContainerItemProxy section */
		A3C960192ED8E3F0002911F6 /* PBXContainerItemProxy */ = {
			isa = PBXContainerItemProxy;
			containerPortal = A3C960032ED8E3EF002911F6 /* Project object */;
			proxyType = 1;
			remoteGlobalIDString = A3C9600A2ED8E3EF002911F6;
			remoteInfo = ObsidianSideNote;
		};
		A3C960232ED8E3F0002911F6 /* PBXContainerItemProxy */ = {
			isa = PBXContainerItemProxy;
			containerPortal = A3C960032ED8E3EF002911F6 /* Project object */;
			proxyType = 1;
			remoteGlobalIDString = A3C9600A2ED8E3EF002911F6;
			remoteInfo = ObsidianSideNote;
		};
/* End PBXContainerItemProxy section */

/* Begin PBXFileReference section */
		A3C9600B2ED8E3EF002911F6 /* ObsidianSideNote.app */ = {isa = PBXFileReference; explicitFileType = wrapper.application; includeInIndex = 0; path = ObsidianSideNote.app; sourceTree = BUILT_PRODUCTS_DIR; };
		A3C960182ED8E3F0002911F6 /* ObsidianSideNoteTests.xctest */ = {isa = PBXFileReference; explicitFileType = wrapper.cfbundle; includeInIndex = 0; path = ObsidianSideNoteTests.xctest; sourceTree = BUILT_PRODUCTS_DIR; };
		A3C960222ED8E3F0002911F6 /* ObsidianSideNoteUITests.xctest */ = {isa = PBXFileReference; explicitFileType = wrapper.cfbundle; includeInIndex = 0; path = ObsidianSideNoteUITests.xctest; sourceTree = BUILT_PRODUCTS_DIR; };
/* End PBXFileReference section */

/* Begin PBXFileSystemSynchronizedRootGroup section */
		A3C9600D2ED8E3EF002911F6 /* ObsidianSideNote */ = {
			isa = PBXFileSystemSynchronizedRootGroup;
			path = ObsidianSideNote;
			sourceTree = "<group>";
		};
		A3C9601B2ED8E3F0002911F6 /* ObsidianSideNoteTests */ = {
			isa = PBXFileSystemSynchronizedRootGroup;
			path = ObsidianSideNoteTests;
			sourceTree = "<group>";
		};
		A3C960252ED8E3F0002911F6 /* ObsidianSideNoteUITests */ = {
			isa = PBXFileSystemSynchronizedRootGroup;
			path = ObsidianSideNoteUITests;
			sourceTree = "<group>";
		};
/* End PBXFileSystemSynchronizedRootGroup section */

/* Begin PBXFrameworksBuildPhase section */
		A3C960082ED8E3EF002911F6 /* Frameworks */ = {
			isa = PBXFrameworksBuildPhase;
			buildActionMask = 2147483647;
			files = (
				A3C960382ED97076002911F6 /* MarkdownUI in Frameworks */,
			);
			runOnlyForDeploymentPostprocessing = 0;
		};
		A3C960152ED8E3F0002911F6 /* Frameworks */ = {
			isa = PBXFrameworksBuildPhase;
			buildActionMask = 2147483647;
			files = (
			);
			runOnlyForDeploymentPostprocessing = 0;
		};
		A3C9601F2ED8E3F0002911F6 /* Frameworks */ = {
			isa = PBXFrameworksBuildPhase;
			buildActionMask = 2147483647;
			files = (
			);
			runOnlyForDeploymentPostprocessing = 0;
		};
/* End PBXFrameworksBuildPhase section */

/* Begin PBXGroup section */
		A3C960022ED8E3EF002911F6 = {
			isa = PBXGroup;
			children = (
				A3C9600D2ED8E3EF002911F6 /* ObsidianSideNote */,
				A3C9601B2ED8E3F0002911F6 /* ObsidianSideNoteTests */,
				A3C960252ED8E3F0002911F6 /* ObsidianSideNoteUITests */,
				A3C960362ED97076002911F6 /* Frameworks */,
				A3C9600C2ED8E3EF002911F6 /* Products */,
			);
			sourceTree = "<group>";
		};
		A3C9600C2ED8E3EF002911F6 /* Products */ = {
			isa = PBXGroup;
			children = (
				A3C9600B2ED8E3EF002911F6 /* ObsidianSideNote.app */,
				A3C960182ED8E3F0002911F6 /* ObsidianSideNoteTests.xctest */,
				A3C960222ED8E3F0002911F6 /* ObsidianSideNoteUITests.xctest */,
			);
			name = Products;
			sourceTree = "<group>";
		};
		A3C960362ED97076002911F6 /* Frameworks */ = {
			isa = PBXGroup;
			children = (
			);
			name = Frameworks;
			sourceTree = "<group>";
		};
/* End PBXGroup section */

/* Begin PBXNativeTarget section */
		A3C9600A2ED8E3EF002911F6 /* ObsidianSideNote */ = {
			isa = PBXNativeTarget;
			buildConfigurationList = A3C9602C2ED8E3F1002911F6 /* Build configuration list for PBXNativeTarget "ObsidianSideNote" */;
			buildPhases = (
				A3C960072ED8E3EF002911F6 /* Sources */,
				A3C960082ED8E3EF002911F6 /* Frameworks */,
				A3C960092ED8E3EF002911F6 /* Resources */,
			);
			buildRules = (
			);
			dependencies = (
			);
			fileSystemSynchronizedGroups = (
				A3C9600D2ED8E3EF002911F6 /* ObsidianSideNote */,
			);
			name = ObsidianSideNote;
			packageProductDependencies = (
				A3C960372ED97076002911F6 /* MarkdownUI */,
			);
			productName = ObsidianSideNote;
			productReference = A3C9600B2ED8E3EF002911F6 /* ObsidianSideNote.app */;
			productType = "com.apple.product-type.application";
		};
		A3C960172ED8E3F0002911F6 /* ObsidianSideNoteTests */ = {
			isa = PBXNativeTarget;
			buildConfigurationList = A3C9602F2ED8E3F1002911F6 /* Build configuration list for PBXNativeTarget "ObsidianSideNoteTests" */;
			buildPhases = (
				A3C960142ED8E3F0002911F6 /* Sources */,
				A3C960152ED8E3F0002911F6 /* Frameworks */,
				A3C960162ED8E3F0002911F6 /* Resources */,
			);
			buildRules = (
			);
			dependencies = (
				A3C9601A2ED8E3F0002911F6 /* PBXTargetDependency */,
			);
			fileSystemSynchronizedGroups = (
				A3C9601B2ED8E3F0002911F6 /* ObsidianSideNoteTests */,
			);
			name = ObsidianSideNoteTests;
			packageProductDependencies = (
			);
			productName = ObsidianSideNoteTests;
			productReference = A3C960182ED8E3F0002911F6 /* ObsidianSideNoteTests.xctest */;
			productType = "com.apple.product-type.bundle.unit-test";
		};
		A3C960212ED8E3F0002911F6 /* ObsidianSideNoteUITests */ = {
			isa = PBXNativeTarget;
			buildConfigurationList = A3C960322ED8E3F1002911F6 /* Build configuration list for PBXNativeTarget "ObsidianSideNoteUITests" */;
			buildPhases = (
				A3C9601E2ED8E3F0002911F6 /* Sources */,
				A3C9601F2ED8E3F0002911F6 /* Frameworks */,
				A3C960202ED8E3F0002911F6 /* Resources */,
			);
			buildRules = (
			);
			dependencies = (
				A3C960242ED8E3F0002911F6 /* PBXTargetDependency */,
			);
			fileSystemSynchronizedGroups = (
				A3C960252ED8E3F0002911F6 /* ObsidianSideNoteUITests */,
			);
			name = ObsidianSideNoteUITests;
			packageProductDependencies = (
			);
			productName = ObsidianSideNoteUITests;
			productReference = A3C960222ED8E3F0002911F6 /* ObsidianSideNoteUITests.xctest */;
			productType = "com.apple.product-type.bundle.ui-testing";
		};
/* End PBXNativeTarget section */

/* Begin PBXProject section */
		A3C960032ED8E3EF002911F6 /* Project object */ = {
			isa = PBXProject;
			attributes = {
				BuildIndependentTargetsInParallel = 1;
				LastSwiftUpdateCheck = 2600;
				LastUpgradeCheck = 2600;
				TargetAttributes = {
					A3C9600A2ED8E3EF002911F6 = {
						CreatedOnToolsVersion = 26.0.1;
					};
					A3C960172ED8E3F0002911F6 = {
						CreatedOnToolsVersion = 26.0.1;
						TestTargetID = A3C9600A2ED8E3EF002911F6;
					};
					A3C960212ED8E3F0002911F6 = {
						CreatedOnToolsVersion = 26.0.1;
						TestTargetID = A3C9600A2ED8E3EF002911F6;
					};
				};
			};
			buildConfigurationList = A3C960062ED8E3EF002911F6 /* Build configuration list for PBXProject "ObsidianSideNote" */;
			developmentRegion = en;
			hasScannedForEncodings = 0;
			knownRegions = (
				en,
				Base,
			);
			mainGroup = A3C960022ED8E3EF002911F6;
			minimizedProjectReferenceProxies = 1;
			packageReferences = (
				A3C960352ED96E8E002911F6 /* XCRemoteSwiftPackageReference "swift-markdown-ui" */,
			);
			preferredProjectObjectVersion = 77;
			productRefGroup = A3C9600C2ED8E3EF002911F6 /* Products */;
			projectDirPath = "";
			projectRoot = "";
			targets = (
				A3C9600A2ED8E3EF002911F6 /* ObsidianSideNote */,
				A3C960172ED8E3F0002911F6 /* ObsidianSideNoteTests */,
				A3C960212ED8E3F0002911F6 /* ObsidianSideNoteUITests */,
			);
		};
/* End PBXProject section */

/* Begin PBXResourcesBuildPhase section */
		A3C960092ED8E3EF002911F6 /* Resources */ = {
			isa = PBXResourcesBuildPhase;
			buildActionMask = 2147483647;
			files = (
			);
			runOnlyForDeploymentPostprocessing = 0;
		};
		A3C960162ED8E3F0002911F6 /* Resources */ = {
			isa = PBXResourcesBuildPhase;
			buildActionMask = 2147483647;
			files = (
			);
			runOnlyForDeploymentPostprocessing = 0;
		};
		A3C960202ED8E3F0002911F6 /* Resources */ = {
			isa = PBXResourcesBuildPhase;
			buildActionMask = 2147483647;
			files = (
			);
			runOnlyForDeploymentPostprocessing = 0;
		};
/* End PBXResourcesBuildPhase section */

/* Begin PBXSourcesBuildPhase section */
		A3C960072ED8E3EF002911F6 /* Sources */ = {
			isa = PBXSourcesBuildPhase;
			buildActionMask = 2147483647;
			files = (
			);
			runOnlyForDeploymentPostprocessing = 0;
		};
		A3C960142ED8E3F0002911F6 /* Sources */ = {
			isa = PBXSourcesBuildPhase;
			buildActionMask = 2147483647;
			files = (
			);
			runOnlyForDeploymentPostprocessing = 0;
		};
		A3C9601E2ED8E3F0002911F6 /* Sources */ = {
			isa = PBXSourcesBuildPhase;
			buildActionMask = 2147483647;
			files = (
			);
			runOnlyForDeploymentPostprocessing = 0;
		};
/* End PBXSourcesBuildPhase section */

/* Begin PBXTargetDependency section */
		A3C9601A2ED8E3F0002911F6 /* PBXTargetDependency */ = {
			isa = PBXTargetDependency;
			target = A3C9600A2ED8E3EF002911F6 /* ObsidianSideNote */;
			targetProxy = A3C960192ED8E3F0002911F6 /* PBXContainerItemProxy */;
		};
		A3C960242ED8E3F0002911F6 /* PBXTargetDependency */ = {
			isa = PBXTargetDependency;
			target = A3C9600A2ED8E3EF002911F6 /* ObsidianSideNote */;
			targetProxy = A3C960232ED8E3F0002911F6 /* PBXContainerItemProxy */;
		};
/* End PBXTargetDependency section */

/* Begin XCBuildConfiguration section */
		A3C9602A2ED8E3F1002911F6 /* Debug */ = {
			isa = XCBuildConfiguration;
			buildSettings = {
				ALWAYS_SEARCH_USER_PATHS = NO;
				ASSETCATALOG_COMPILER_GENERATE_SWIFT_ASSET_SYMBOL_EXTENSIONS = YES;
				CLANG_ANALYZER_NONNULL = YES;
				CLANG_ANALYZER_NUMBER_OBJECT_CONVERSION = YES_AGGRESSIVE;
				CLANG_CXX_LANGUAGE_STANDARD = "gnu++20";
				CLANG_ENABLE_MODULES = YES;
				CLANG_ENABLE_OBJC_ARC = YES;
				CLANG_ENABLE_OBJC_WEAK = YES;
				CLANG_WARN_BLOCK_CAPTURE_AUTORELEASING = YES;
				CLANG_WARN_BOOL_CONVERSION = YES;
				CLANG_WARN_COMMA = YES;
				CLANG_WARN_CONSTANT_CONVERSION = YES;
				CLANG_WARN_DEPRECATED_OBJC_IMPLEMENTATIONS = YES;
				CLANG_WARN_DIRECT_OBJC_ISA_USAGE = YES_ERROR;
				CLANG_WARN_DOCUMENTATION_COMMENTS = YES;
				CLANG_WARN_EMPTY_BODY = YES;
				CLANG_WARN_ENUM_CONVERSION = YES;
				CLANG_WARN_INFINITE_RECURSION = YES;
				CLANG_WARN_INT_CONVERSION = YES;
				CLANG_WARN_NON_LITERAL_NULL_CONVERSION = YES;
				CLANG_WARN_OBJC_IMPLICIT_RETAIN_SELF = YES;
				CLANG_WARN_OBJC_LITERAL_CONVERSION = YES;
				CLANG_WARN_OBJC_ROOT_CLASS = YES_ERROR;
				CLANG_WARN_QUOTED_INCLUDE_IN_FRAMEWORK_HEADER = YES;
				CLANG_WARN_RANGE_LOOP_ANALYSIS = YES;
				CLANG_WARN_STRICT_PROTOTYPES = YES;
				CLANG_WARN_SUSPICIOUS_MOVE = YES;
				CLANG_WARN_UNGUARDED_AVAILABILITY = YES_AGGRESSIVE;
				CLANG_WARN_UNREACHABLE_CODE = YES;
				CLANG_WARN__DUPLICATE_METHOD_MATCH = YES;
				COPY_PHASE_STRIP = NO;
				DEBUG_INFORMATION_FORMAT = dwarf;
				ENABLE_STRICT_OBJC_MSGSEND = YES;
				ENABLE_TESTABILITY = YES;
				ENABLE_USER_SCRIPT_SANDBOXING = YES;
				GCC_C_LANGUAGE_STANDARD = gnu17;
				GCC_DYNAMIC_NO_PIC = NO;
				GCC_NO_COMMON_BLOCKS = YES;
				GCC_OPTIMIZATION_LEVEL = 0;
				GCC_PREPROCESSOR_DEFINITIONS = (
					"DEBUG=1",
					"$(inherited)",
				);
				GCC_WARN_64_TO_32_BIT_CONVERSION = YES;
				GCC_WARN_ABOUT_RETURN_TYPE = YES_ERROR;
				GCC_WARN_UNDECLARED_SELECTOR = YES;
				GCC_WARN_UNINITIALIZED_AUTOS = YES_AGGRESSIVE;
				GCC_WARN_UNUSED_FUNCTION = YES;
				GCC_WARN_UNUSED_VARIABLE = YES;
				LOCALIZATION_PREFERS_STRING_CATALOGS = YES;
				MACOSX_DEPLOYMENT_TARGET = 26.0;
				MTL_ENABLE_DEBUG_INFO = INCLUDE_SOURCE;
				MTL_FAST_MATH = YES;
				ONLY_ACTIVE_ARCH = YES;
				SDKROOT = macosx;
				SWIFT_ACTIVE_COMPILATION_CONDITIONS = "DEBUG $(inherited)";
				SWIFT_OPTIMIZATION_LEVEL = "-Onone";
			};
			name = Debug;
		};
		A3C9602B2ED8E3F1002911F6 /* Release */ = {
			isa = XCBuildConfiguration;
			buildSettings = {
				ALWAYS_SEARCH_USER_PATHS = NO;
				ASSETCATALOG_COMPILER_GENERATE_SWIFT_ASSET_SYMBOL_EXTENSIONS = YES;
				CLANG_ANALYZER_NONNULL = YES;
				CLANG_ANALYZER_NUMBER_OBJECT_CONVERSION = YES_AGGRESSIVE;
				CLANG_CXX_LANGUAGE_STANDARD = "gnu++20";
				CLANG_ENABLE_MODULES = YES;
				CLANG_ENABLE_OBJC_ARC = YES;
				CLANG_ENABLE_OBJC_WEAK = YES;
				CLANG_WARN_BLOCK_CAPTURE_AUTORELEASING = YES;
				CLANG_WARN_BOOL_CONVERSION = YES;
				CLANG_WARN_COMMA = YES;
				CLANG_WARN_CONSTANT_CONVERSION = YES;
				CLANG_WARN_DEPRECATED_OBJC_IMPLEMENTATIONS = YES;
				CLANG_WARN_DIRECT_OBJC_ISA_USAGE = YES_ERROR;
				CLANG_WARN_DOCUMENTATION_COMMENTS = YES;
				CLANG_WARN_EMPTY_BODY = YES;
				CLANG_WARN_ENUM_CONVERSION = YES;
				CLANG_WARN_INFINITE_RECURSION = YES;
				CLANG_WARN_INT_CONVERSION = YES;
				CLANG_WARN_NON_LITERAL_NULL_CONVERSION = YES;
				CLANG_WARN_OBJC_IMPLICIT_RETAIN_SELF = YES;
				CLANG_WARN_OBJC_LITERAL_CONVERSION = YES;
				CLANG_WARN_OBJC_ROOT_CLASS = YES_ERROR;
				CLANG_WARN_QUOTED_INCLUDE_IN_FRAMEWORK_HEADER = YES;
				CLANG_WARN_RANGE_LOOP_ANALYSIS = YES;
				CLANG_WARN_STRICT_PROTOTYPES = YES;
				CLANG_WARN_SUSPICIOUS_MOVE = YES;
				CLANG_WARN_UNGUARDED_AVAILABILITY = YES_AGGRESSIVE;
				CLANG_WARN_UNREACHABLE_CODE = YES;
				CLANG_WARN__DUPLICATE_METHOD_MATCH = YES;
				COPY_PHASE_STRIP = NO;
				DEBUG_INFORMATION_FORMAT = "dwarf-with-dsym";
				ENABLE_NS_ASSERTIONS = NO;
				ENABLE_STRICT_OBJC_MSGSEND = YES;
				ENABLE_USER_SCRIPT_SANDBOXING = YES;
				GCC_C_LANGUAGE_STANDARD = gnu17;
				GCC_NO_COMMON_BLOCKS = YES;
				GCC_WARN_64_TO_32_BIT_CONVERSION = YES;
				GCC_WARN_ABOUT_RETURN_TYPE = YES_ERROR;
				GCC_WARN_UNDECLARED_SELECTOR = YES;
				GCC_WARN_UNINITIALIZED_AUTOS = YES_AGGRESSIVE;
				GCC_WARN_UNUSED_FUNCTION = YES;
				GCC_WARN_UNUSED_VARIABLE = YES;
				LOCALIZATION_PREFERS_STRING_CATALOGS = YES;
				MACOSX_DEPLOYMENT_TARGET = 26.0;
				MTL_ENABLE_DEBUG_INFO = NO;
				MTL_FAST_MATH = YES;
				SDKROOT = macosx;
				SWIFT_COMPILATION_MODE = wholemodule;
			};
			name = Release;
		};
		A3C9602D2ED8E3F1002911F6 /* Debug */ = {
			isa = XCBuildConfiguration;
			buildSettings = {
				ASSETCATALOG_COMPILER_APPICON_NAME = AppIcon;
				ASSETCATALOG_COMPILER_GLOBAL_ACCENT_COLOR_NAME = AccentColor;
				CODE_SIGN_STYLE = Automatic;
				COMBINE_HIDPI_IMAGES = YES;
				CURRENT_PROJECT_VERSION = 1;
				ENABLE_APP_SANDBOX = YES;
				ENABLE_PREVIEWS = YES;
				ENABLE_USER_SELECTED_FILES = readonly;
				GENERATE_INFOPLIST_FILE = YES;
				INFOPLIST_KEY_NSHumanReadableCopyright = "";
				LD_RUNPATH_SEARCH_PATHS = (
					"$(inherited)",
					"@executable_path/../Frameworks",
				);
				MARKETING_VERSION = 1.0;
				PRODUCT_BUNDLE_IDENTIFIER = live.lukesmith.ObsidianSideNote;
				PRODUCT_NAME = "$(TARGET_NAME)";
				REGISTER_APP_GROUPS = YES;
				STRING_CATALOG_GENERATE_SYMBOLS = YES;
				SWIFT_APPROACHABLE_CONCURRENCY = YES;
				SWIFT_DEFAULT_ACTOR_ISOLATION = MainActor;
				SWIFT_EMIT_LOC_STRINGS = YES;
				SWIFT_UPCOMING_FEATURE_MEMBER_IMPORT_VISIBILITY = YES;
				SWIFT_VERSION = 5.0;
			};
			name = Debug;
		};
		A3C9602E2ED8E3F1002911F6 /* Release */ = {
			isa = XCBuildConfiguration;
			buildSettings = {
				ASSETCATALOG_COMPILER_APPICON_NAME = AppIcon;
				ASSETCATALOG_COMPILER_GLOBAL_ACCENT_COLOR_NAME = AccentColor;
				CODE_SIGN_STYLE = Automatic;
				COMBINE_HIDPI_IMAGES = YES;
				CURRENT_PROJECT_VERSION = 1;
				ENABLE_APP_SANDBOX = YES;
				ENABLE_PREVIEWS = YES;
				ENABLE_USER_SELECTED_FILES = readonly;
				GENERATE_INFOPLIST_FILE = YES;
				INFOPLIST_KEY_NSHumanReadableCopyright = "";
				LD_RUNPATH_SEARCH_PATHS = (
					"$(inherited)",
					"@executable_path/../Frameworks",
				);
				MARKETING_VERSION = 1.0;
				PRODUCT_BUNDLE_IDENTIFIER = live.lukesmith.ObsidianSideNote;
				PRODUCT_NAME = "$(TARGET_NAME)";
				REGISTER_APP_GROUPS = YES;
				STRING_CATALOG_GENERATE_SYMBOLS = YES;
				SWIFT_APPROACHABLE_CONCURRENCY = YES;
				SWIFT_DEFAULT_ACTOR_ISOLATION = MainActor;
				SWIFT_EMIT_LOC_STRINGS = YES;
				SWIFT_UPCOMING_FEATURE_MEMBER_IMPORT_VISIBILITY = YES;
				SWIFT_VERSION = 5.0;
			};
			name = Release;
		};
		A3C960302ED8E3F1002911F6 /* Debug */ = {
			isa = XCBuildConfiguration;
			buildSettings = {
				BUNDLE_LOADER = "$(TEST_HOST)";
				CODE_SIGN_STYLE = Automatic;
				CURRENT_PROJECT_VERSION = 1;
				GENERATE_INFOPLIST_FILE = YES;
				MACOSX_DEPLOYMENT_TARGET = 26.0;
				MARKETING_VERSION = 1.0;
				PRODUCT_BUNDLE_IDENTIFIER = live.lukesmith.ObsidianSideNoteTests;
				PRODUCT_NAME = "$(TARGET_NAME)";
				STRING_CATALOG_GENERATE_SYMBOLS = NO;
				SWIFT_APPROACHABLE_CONCURRENCY = YES;
				SWIFT_EMIT_LOC_STRINGS = NO;
				SWIFT_UPCOMING_FEATURE_MEMBER_IMPORT_VISIBILITY = YES;
				SWIFT_VERSION = 5.0;
				TEST_HOST = "$(BUILT_PRODUCTS_DIR)/ObsidianSideNote.app/$(BUNDLE_EXECUTABLE_FOLDER_PATH)/ObsidianSideNote";
			};
			name = Debug;
		};
		A3C960312ED8E3F1002911F6 /* Release */ = {
			isa = XCBuildConfiguration;
			buildSettings = {
				BUNDLE_LOADER = "$(TEST_HOST)";
				CODE_SIGN_STYLE = Automatic;
				CURRENT_PROJECT_VERSION = 1;
				GENERATE_INFOPLIST_FILE = YES;
				MACOSX_DEPLOYMENT_TARGET = 26.0;
				MARKETING_VERSION = 1.0;
				PRODUCT_BUNDLE_IDENTIFIER = live.lukesmith.ObsidianSideNoteTests;
				PRODUCT_NAME = "$(TARGET_NAME)";
				STRING_CATALOG_GENERATE_SYMBOLS = NO;
				SWIFT_APPROACHABLE_CONCURRENCY = YES;
				SWIFT_EMIT_LOC_STRINGS = NO;
				SWIFT_UPCOMING_FEATURE_MEMBER_IMPORT_VISIBILITY = YES;
				SWIFT_VERSION = 5.0;
				TEST_HOST = "$(BUILT_PRODUCTS_DIR)/ObsidianSideNote.app/$(BUNDLE_EXECUTABLE_FOLDER_PATH)/ObsidianSideNote";
			};
			name = Release;
		};
		A3C960332ED8E3F1002911F6 /* Debug */ = {
			isa = XCBuildConfiguration;
			buildSettings = {
				CODE_SIGN_STYLE = Automatic;
				CURRENT_PROJECT_VERSION = 1;
				GENERATE_INFOPLIST_FILE = YES;
				MARKETING_VERSION = 1.0;
				PRODUCT_BUNDLE_IDENTIFIER = live.lukesmith.ObsidianSideNoteUITests;
				PRODUCT_NAME = "$(TARGET_NAME)";
				STRING_CATALOG_GENERATE_SYMBOLS = NO;
				SWIFT_APPROACHABLE_CONCURRENCY = YES;
				SWIFT_EMIT_LOC_STRINGS = NO;
				SWIFT_UPCOMING_FEATURE_MEMBER_IMPORT_VISIBILITY = YES;
				SWIFT_VERSION = 5.0;
				TEST_TARGET_NAME = ObsidianSideNote;
			};
			name = Debug;
		};
		A3C960342ED8E3F1002911F6 /* Release */ = {
			isa = XCBuildConfiguration;
			buildSettings = {
				CODE_SIGN_STYLE = Automatic;
				CURRENT_PROJECT_VERSION = 1;
				GENERATE_INFOPLIST_FILE = YES;
				MARKETING_VERSION = 1.0;
				PRODUCT_BUNDLE_IDENTIFIER = live.lukesmith.ObsidianSideNoteUITests;
				PRODUCT_NAME = "$(TARGET_NAME)";
				STRING_CATALOG_GENERATE_SYMBOLS = NO;
				SWIFT_APPROACHABLE_CONCURRENCY = YES;
				SWIFT_EMIT_LOC_STRINGS = NO;
				SWIFT_UPCOMING_FEATURE_MEMBER_IMPORT_VISIBILITY = YES;
				SWIFT_VERSION = 5.0;
				TEST_TARGET_NAME = ObsidianSideNote;
			};
			name = Release;
		};
/* End XCBuildConfiguration section */

/* Begin XCConfigurationList section */
		A3C960062ED8E3EF002911F6 /* Build configuration list for PBXProject "ObsidianSideNote" */ = {
			isa = XCConfigurationList;
			buildConfigurations = (
				A3C9602A2ED8E3F1002911F6 /* Debug */,
				A3C9602B2ED8E3F1002911F6 /* Release */,
			);
			defaultConfigurationIsVisible = 0;
			defaultConfigurationName = Release;
		};
		A3C9602C2ED8E3F1002911F6 /* Build configuration list for PBXNativeTarget "ObsidianSideNote" */ = {
			isa = XCConfigurationList;
			buildConfigurations = (
				A3C9602D2ED8E3F1002911F6 /* Debug */,
				A3C9602E2ED8E3F1002911F6 /* Release */,
			);
			defaultConfigurationIsVisible = 0;
			defaultConfigurationName = Release;
		};
		A3C9602F2ED8E3F1002911F6 /* Build configuration list for PBXNativeTarget "ObsidianSideNoteTests" */ = {
			isa = XCConfigurationList;
			buildConfigurations = (
				A3C960302ED8E3F1002911F6 /* Debug */,
				A3C960312ED8E3F1002911F6 /* Release */,
			);
			defaultConfigurationIsVisible = 0;
			defaultConfigurationName = Release;
		};
		A3C960322ED8E3F1002911F6 /* Build configuration list for PBXNativeTarget "ObsidianSideNoteUITests" */ = {
			isa = XCConfigurationList;
			buildConfigurations = (
				A3C960332ED8E3F1002911F6 /* Debug */,
				A3C960342ED8E3F1002911F6 /* Release */,
			);
			defaultConfigurationIsVisible = 0;
			defaultConfigurationName = Release;
		};
/* End XCConfigurationList section */

/* Begin XCRemoteSwiftPackageReference section */
		A3C960352ED96E8E002911F6 /* XCRemoteSwiftPackageReference "swift-markdown-ui" */ = {
			isa = XCRemoteSwiftPackageReference;
			repositoryURL = "https://github.com/gonzalezreal/swift-markdown-ui";
			requirement = {
				kind = upToNextMajorVersion;
				minimumVersion = 2.4.1;
			};
		};
/* End XCRemoteSwiftPackageReference section */

/* Begin XCSwiftPackageProductDependency section */
		A3C960372ED97076002911F6 /* MarkdownUI */ = {
			isa = XCSwiftPackageProductDependency;
			package = A3C960352ED96E8E002911F6 /* XCRemoteSwiftPackageReference "swift-markdown-ui" */;
			productName = MarkdownUI;
		};
/* End XCSwiftPackageProductDependency section */
	};
	rootObject = A3C960032ED8E3EF002911F6 /* Project object */;
}
